# This file is generated by running "yarn install" inside your project.
# Manual changes might be lost - proceed with caution!

__metadata:
  version: 8
  cacheKey: 10c0

"aries-akrida@workspace:.":
  version: 0.0.0-use.local
  resolution: "aries-akrida@workspace:."
  dependencies:
    generate-changelog: "npm:^1.8.0"
  languageName: unknown
  linkType: soft

"bluebird@npm:^3.0.6":
  version: 3.7.2
  resolution: "bluebird@npm:3.7.2"
  checksum: 10c0/680de03adc54ff925eaa6c7bb9a47a0690e8b5de60f4792604aae8ed618c65e6b63a7893b57ca924beaf53eee69c5af4f8314148c08124c550fe1df1add897d2
  languageName: node
  linkType: hard

"commander@npm:^2.9.0":
  version: 2.20.3
  resolution: "commander@npm:2.20.3"
  checksum: 10c0/74c781a5248c2402a0a3e966a0a2bba3c054aad144f5c023364be83265e796b20565aa9feff624132ff629aa64e16999fa40a743c10c12f7c61e96a794b99288
  languageName: node
  linkType: hard

"generate-changelog@npm:^1.8.0":
  version: 1.8.0
  resolution: "generate-changelog@npm:1.8.0"
  dependencies:
    bluebird: "npm:^3.0.6"
    commander: "npm:^2.9.0"
    github-url-from-git: "npm:^1.4.0"
  bin:
    changelog: ./bin/generate
    generate-changelog: ./bin/generate
  checksum: 10c0/495a2d3a5fd8d73837781edc70c0ad2e1daf37363832dbdbc259806e9e5c22be7957f7d03f35cf625325f21bf5b59bf7cf1785f80d149932ba38d4144735b877
  languageName: node
  linkType: hard

"github-url-from-git@npm:^1.4.0":
  version: 1.5.0
  resolution: "github-url-from-git@npm:1.5.0"
  checksum: 10c0/d9af476188a660a289f7f2a32d6f25e5199dc04a31ac6f5b4e0c3749cd0b42db9768571cd72659ecf5cb98ca687a14dc43da315c7b52e53c21702ff534012b28
  languageName: node
  linkType: hard
